
Microsoft Visual Studio Solution File, Format Version 12.00
# Visual Studio Version 17
VisualStudioVersion = 17.8.34408.163
MinimumVisualStudioVersion = 10.0.40219.1
Project("{2150E333-8FDC-42A3-9474-1A3956D46DE8}") = "Services", "Services", "{B5BFF034-CA54-427C-B7CE-9C0BB65C5A0D}"
EndProject
Project("{2150E333-8FDC-42A3-9474-1A3956D46DE8}") = "Catalog", "Catalog", "{5C4D4D4E-3B6C-4B12-BC95-AF41C8FF3EEC}"
EndProject
Project("{2150E333-8FDC-42A3-9474-1A3956D46DE8}") = "BuildingBlocks", "BuildingBlocks", "{0CB8C063-EE8E-46F7-B20B-A68C529DEF82}"
EndProject
Project("{E53339B2-1760-4266-BCC7-CA923CBCF16C}") = "docker-compose", "docker-compose.dcproj", "{416AACC3-E3A1-4CD9-8E9A-46EA742E99A6}"
EndProject
Project("{2150E333-8FDC-42A3-9474-1A3956D46DE8}") = "Basket", "Basket", "{9768DC19-504D-4DF7-947C-F7A5ACE478C0}"
EndProject
Project("{2150E333-8FDC-42A3-9474-1A3956D46DE8}") = "Discount", "Discount", "{7377B15E-5C12-48EA-9805-C5965315239D}"
EndProject
Project("{2150E333-8FDC-42A3-9474-1A3956D46DE8}") = "Ordering", "Ordering", "{9C18B0AE-9CA1-49AA-90EA-9C9C2AB8A0BB}"
EndProject
Project("{FAE04EC0-301F-11D3-BF4B-00C04F79EFBC}") = "BuildingBlocks", "BuildingBlocks\BuildingBlocks\BuildingBlocks.csproj", "{ACBEEF26-81AB-41A3-B1C2-DE8EFF1E61D7}"
EndProject
Project("{FAE04EC0-301F-11D3-BF4B-00C04F79EFBC}") = "BuildingBlocks.MessageBroker", "BuildingBlocks\BuildingBlocks.MessageBroker\BuildingBlocks.MessageBroker.csproj", "{C378C130-ABBF-438E-8900-BEAA5A4ADB3A}"
EndProject
Project("{FAE04EC0-301F-11D3-BF4B-00C04F79EFBC}") = "Basket.API", "Services\Basket\Basket.API\Basket.API.csproj", "{4E7E2459-90E4-48F3-B295-47F30B8EC716}"
EndProject
Project("{FAE04EC0-301F-11D3-BF4B-00C04F79EFBC}") = "Catalog.API", "Services\Catalog\Catalog.API\Catalog.API.csproj", "{896A4B12-4946-41DD-9BB9-0A1767097C13}"
EndProject
Project("{FAE04EC0-301F-11D3-BF4B-00C04F79EFBC}") = "Discount.Grpc", "Services\Discount\Discount.Grpc\Discount.Grpc.csproj", "{D163F042-F6F8-44AC-B443-B103654253DE}"
EndProject
Project("{FAE04EC0-301F-11D3-BF4B-00C04F79EFBC}") = "Ordering.Domain", "Services\Ordering\Ordering.Domain\Ordering.Domain.csproj", "{FBBF8A64-1D39-4F96-B9CC-6EED927BA77F}"
EndProject
Project("{FAE04EC0-301F-11D3-BF4B-00C04F79EFBC}") = "Ordering.Infrastructure", "Services\Ordering\Ordering.Infrastructure\Ordering.Infrastructure.csproj", "{96E68BA1-5D42-4ECD-B68D-A3EAD4CAEBBB}"
EndProject
Project("{FAE04EC0-301F-11D3-BF4B-00C04F79EFBC}") = "Ordering.Application", "Services\Ordering\Ordering.Appication\Ordering.Application.csproj", "{7EE6F947-7C7F-4BAD-B8E4-A3229783875C}"
EndProject
Project("{FAE04EC0-301F-11D3-BF4B-00C04F79EFBC}") = "Ordering.API", "Services\Ordering\Ordering.API\Ordering.API.csproj", "{4EF61BE6-4974-4C7B-BDFA-333AD5131988}"
EndProject
Project("{2150E333-8FDC-42A3-9474-1A3956D46DE8}") = "ApiGateways", "ApiGateways", "{7B4A5258-2D84-4C98-A495-399875B428E7}"
EndProject
Project("{FAE04EC0-301F-11D3-BF4B-00C04F79EFBC}") = "YarpApiGateway", "ApiGateways\YarpApiGateway\YarpApiGateway.csproj", "{7CB16848-92F3-4BF5-840D-205499C02438}"
EndProject
Global
	GlobalSection(SolutionConfigurationPlatforms) = preSolution
		Debug|Any CPU = Debug|Any CPU
		Release|Any CPU = Release|Any CPU
	EndGlobalSection
	GlobalSection(ProjectConfigurationPlatforms) = postSolution
		{416AACC3-E3A1-4CD9-8E9A-46EA742E99A6}.Debug|Any CPU.ActiveCfg = Debug|Any CPU
		{416AACC3-E3A1-4CD9-8E9A-46EA742E99A6}.Debug|Any CPU.Build.0 = Debug|Any CPU
		{416AACC3-E3A1-4CD9-8E9A-46EA742E99A6}.Release|Any CPU.ActiveCfg = Release|Any CPU
		{416AACC3-E3A1-4CD9-8E9A-46EA742E99A6}.Release|Any CPU.Build.0 = Release|Any CPU
		{ACBEEF26-81AB-41A3-B1C2-DE8EFF1E61D7}.Debug|Any CPU.ActiveCfg = Debug|Any CPU
		{ACBEEF26-81AB-41A3-B1C2-DE8EFF1E61D7}.Debug|Any CPU.Build.0 = Debug|Any CPU
		{ACBEEF26-81AB-41A3-B1C2-DE8EFF1E61D7}.Release|Any CPU.ActiveCfg = Release|Any CPU
		{ACBEEF26-81AB-41A3-B1C2-DE8EFF1E61D7}.Release|Any CPU.Build.0 = Release|Any CPU
		{C378C130-ABBF-438E-8900-BEAA5A4ADB3A}.Debug|Any CPU.ActiveCfg = Debug|Any CPU
		{C378C130-ABBF-438E-8900-BEAA5A4ADB3A}.Debug|Any CPU.Build.0 = Debug|Any CPU
		{C378C130-ABBF-438E-8900-BEAA5A4ADB3A}.Release|Any CPU.ActiveCfg = Release|Any CPU
		{C378C130-ABBF-438E-8900-BEAA5A4ADB3A}.Release|Any CPU.Build.0 = Release|Any CPU
		{4E7E2459-90E4-48F3-B295-47F30B8EC716}.Debug|Any CPU.ActiveCfg = Debug|Any CPU
		{4E7E2459-90E4-48F3-B295-47F30B8EC716}.Debug|Any CPU.Build.0 = Debug|Any CPU
		{4E7E2459-90E4-48F3-B295-47F30B8EC716}.Release|Any CPU.ActiveCfg = Release|Any CPU
		{4E7E2459-90E4-48F3-B295-47F30B8EC716}.Release|Any CPU.Build.0 = Release|Any CPU
		{896A4B12-4946-41DD-9BB9-0A1767097C13}.Debug|Any CPU.ActiveCfg = Debug|Any CPU
		{896A4B12-4946-41DD-9BB9-0A1767097C13}.Debug|Any CPU.Build.0 = Debug|Any CPU
		{896A4B12-4946-41DD-9BB9-0A1767097C13}.Release|Any CPU.ActiveCfg = Release|Any CPU
		{896A4B12-4946-41DD-9BB9-0A1767097C13}.Release|Any CPU.Build.0 = Release|Any CPU
		{D163F042-F6F8-44AC-B443-B103654253DE}.Debug|Any CPU.ActiveCfg = Debug|Any CPU
		{D163F042-F6F8-44AC-B443-B103654253DE}.Debug|Any CPU.Build.0 = Debug|Any CPU
		{D163F042-F6F8-44AC-B443-B103654253DE}.Release|Any CPU.ActiveCfg = Release|Any CPU
		{D163F042-F6F8-44AC-B443-B103654253DE}.Release|Any CPU.Build.0 = Release|Any CPU
		{FBBF8A64-1D39-4F96-B9CC-6EED927BA77F}.Debug|Any CPU.ActiveCfg = Debug|Any CPU
		{FBBF8A64-1D39-4F96-B9CC-6EED927BA77F}.Debug|Any CPU.Build.0 = Debug|Any CPU
		{FBBF8A64-1D39-4F96-B9CC-6EED927BA77F}.Release|Any CPU.ActiveCfg = Release|Any CPU
		{FBBF8A64-1D39-4F96-B9CC-6EED927BA77F}.Release|Any CPU.Build.0 = Release|Any CPU
		{96E68BA1-5D42-4ECD-B68D-A3EAD4CAEBBB}.Debug|Any CPU.ActiveCfg = Debug|Any CPU
		{96E68BA1-5D42-4ECD-B68D-A3EAD4CAEBBB}.Debug|Any CPU.Build.0 = Debug|Any CPU
		{96E68BA1-5D42-4ECD-B68D-A3EAD4CAEBBB}.Release|Any CPU.ActiveCfg = Release|Any CPU
		{96E68BA1-5D42-4ECD-B68D-A3EAD4CAEBBB}.Release|Any CPU.Build.0 = Release|Any CPU
		{7EE6F947-7C7F-4BAD-B8E4-A3229783875C}.Debug|Any CPU.ActiveCfg = Debug|Any CPU
		{7EE6F947-7C7F-4BAD-B8E4-A3229783875C}.Debug|Any CPU.Build.0 = Debug|Any CPU
		{7EE6F947-7C7F-4BAD-B8E4-A3229783875C}.Release|Any CPU.ActiveCfg = Release|Any CPU
		{7EE6F947-7C7F-4BAD-B8E4-A3229783875C}.Release|Any CPU.Build.0 = Release|Any CPU
		{4EF61BE6-4974-4C7B-BDFA-333AD5131988}.Debug|Any CPU.ActiveCfg = Debug|Any CPU
		{4EF61BE6-4974-4C7B-BDFA-333AD5131988}.Debug|Any CPU.Build.0 = Debug|Any CPU
		{4EF61BE6-4974-4C7B-BDFA-333AD5131988}.Release|Any CPU.ActiveCfg = Release|Any CPU
		{4EF61BE6-4974-4C7B-BDFA-333AD5131988}.Release|Any CPU.Build.0 = Release|Any CPU
		{7CB16848-92F3-4BF5-840D-205499C02438}.Debug|Any CPU.ActiveCfg = Debug|Any CPU
		{7CB16848-92F3-4BF5-840D-205499C02438}.Debug|Any CPU.Build.0 = Debug|Any CPU
		{7CB16848-92F3-4BF5-840D-205499C02438}.Release|Any CPU.ActiveCfg = Release|Any CPU
		{7CB16848-92F3-4BF5-840D-205499C02438}.Release|Any CPU.Build.0 = Release|Any CPU
	EndGlobalSection
	GlobalSection(SolutionProperties) = preSolution
		HideSolutionNode = FALSE
	EndGlobalSection
	GlobalSection(NestedProjects) = preSolution
		{5C4D4D4E-3B6C-4B12-BC95-AF41C8FF3EEC} = {B5BFF034-CA54-427C-B7CE-9C0BB65C5A0D}
		{9768DC19-504D-4DF7-947C-F7A5ACE478C0} = {B5BFF034-CA54-427C-B7CE-9C0BB65C5A0D}
		{7377B15E-5C12-48EA-9805-C5965315239D} = {B5BFF034-CA54-427C-B7CE-9C0BB65C5A0D}
		{9C18B0AE-9CA1-49AA-90EA-9C9C2AB8A0BB} = {B5BFF034-CA54-427C-B7CE-9C0BB65C5A0D}
		{ACBEEF26-81AB-41A3-B1C2-DE8EFF1E61D7} = {0CB8C063-EE8E-46F7-B20B-A68C529DEF82}
		{C378C130-ABBF-438E-8900-BEAA5A4ADB3A} = {0CB8C063-EE8E-46F7-B20B-A68C529DEF82}
		{4E7E2459-90E4-48F3-B295-47F30B8EC716} = {9768DC19-504D-4DF7-947C-F7A5ACE478C0}
		{896A4B12-4946-41DD-9BB9-0A1767097C13} = {5C4D4D4E-3B6C-4B12-BC95-AF41C8FF3EEC}
		{D163F042-F6F8-44AC-B443-B103654253DE} = {7377B15E-5C12-48EA-9805-C5965315239D}
		{FBBF8A64-1D39-4F96-B9CC-6EED927BA77F} = {9C18B0AE-9CA1-49AA-90EA-9C9C2AB8A0BB}
		{96E68BA1-5D42-4ECD-B68D-A3EAD4CAEBBB} = {9C18B0AE-9CA1-49AA-90EA-9C9C2AB8A0BB}
		{7EE6F947-7C7F-4BAD-B8E4-A3229783875C} = {9C18B0AE-9CA1-49AA-90EA-9C9C2AB8A0BB}
		{4EF61BE6-4974-4C7B-BDFA-333AD5131988} = {9C18B0AE-9CA1-49AA-90EA-9C9C2AB8A0BB}
		{7CB16848-92F3-4BF5-840D-205499C02438} = {7B4A5258-2D84-4C98-A495-399875B428E7}
	EndGlobalSection
	GlobalSection(ExtensibilityGlobals) = postSolution
		SolutionGuid = {C4C1ECE9-A4AD-4FED-B0FC-7EA1636ACABF}
	EndGlobalSection
EndGlobal
