
Microsoft Visual Studio Solution File, Format Version 12.00
# Visual Studio Version 17
VisualStudioVersion = 17.8.34408.163
MinimumVisualStudioVersion = 10.0.40219.1
Project("{2150E333-8FDC-42A3-9474-1A3956D46DE8}") = "Services", "Services", "{B5BFF034-CA54-427C-B7CE-9C0BB65C5A0D}"
EndProject
Project("{2150E333-8FDC-42A3-9474-1A3956D46DE8}") = "Catalog", "Catalog", "{5C4D4D4E-3B6C-4B12-BC95-AF41C8FF3EEC}"
EndProject
Project("{2150E333-8FDC-42A3-9474-1A3956D46DE8}") = "BuildingBlocks", "BuildingBlocks", "{0CB8C063-EE8E-46F7-B20B-A68C529DEF82}"
EndProject
Project("{E53339B2-1760-4266-BCC7-CA923CBCF16C}") = "docker-compose", "docker-compose.dcproj", "{416AACC3-E3A1-4CD9-8E9A-46EA742E99A6}"
EndProject
Project("{2150E333-8FDC-42A3-9474-1A3956D46DE8}") = "Basket", "Basket", "{9768DC19-504D-4DF7-947C-F7A5ACE478C0}"
EndProject
Project("{2150E333-8FDC-42A3-9474-1A3956D46DE8}") = "Discount", "Discount", "{7377B15E-5C12-48EA-9805-C5965315239D}"
EndProject
Project("{FAE04EC0-301F-11D3-BF4B-00C04F79EFBC}") = "BuildingBlocks", "src\BuildingBlocks\BuildingBlocks\BuildingBlocks.csproj", "{17BCCF8C-C61A-49F8-B4FC-F31CAFF9E6F9}"
EndProject
Project("{FAE04EC0-301F-11D3-BF4B-00C04F79EFBC}") = "Basket.API", "src\Services\Basket\Basket.API\Basket.API.csproj", "{C8571687-E5B2-446E-80CA-58FC920B5462}"
EndProject
Project("{FAE04EC0-301F-11D3-BF4B-00C04F79EFBC}") = "Catalog.API", "src\Services\Catalog\Catalog.API\Catalog.API.csproj", "{69A3CB8B-886A-4B56-85F9-1A6E46F6F7DA}"
EndProject
Project("{FAE04EC0-301F-11D3-BF4B-00C04F79EFBC}") = "Discount.Grpc", "src\Services\Discount\Discount.Grpc\Discount.Grpc.csproj", "{732C5E79-7B7B-472E-81ED-B72DBC9AAF3D}"
EndProject
Global
	GlobalSection(SolutionConfigurationPlatforms) = preSolution
		Debug|Any CPU = Debug|Any CPU
		Release|Any CPU = Release|Any CPU
	EndGlobalSection
	GlobalSection(ProjectConfigurationPlatforms) = postSolution
		{416AACC3-E3A1-4CD9-8E9A-46EA742E99A6}.Debug|Any CPU.ActiveCfg = Debug|Any CPU
		{416AACC3-E3A1-4CD9-8E9A-46EA742E99A6}.Debug|Any CPU.Build.0 = Debug|Any CPU
		{416AACC3-E3A1-4CD9-8E9A-46EA742E99A6}.Release|Any CPU.ActiveCfg = Release|Any CPU
		{416AACC3-E3A1-4CD9-8E9A-46EA742E99A6}.Release|Any CPU.Build.0 = Release|Any CPU
		{17BCCF8C-C61A-49F8-B4FC-F31CAFF9E6F9}.Debug|Any CPU.ActiveCfg = Debug|Any CPU
		{17BCCF8C-C61A-49F8-B4FC-F31CAFF9E6F9}.Debug|Any CPU.Build.0 = Debug|Any CPU
		{17BCCF8C-C61A-49F8-B4FC-F31CAFF9E6F9}.Release|Any CPU.ActiveCfg = Release|Any CPU
		{17BCCF8C-C61A-49F8-B4FC-F31CAFF9E6F9}.Release|Any CPU.Build.0 = Release|Any CPU
		{C8571687-E5B2-446E-80CA-58FC920B5462}.Debug|Any CPU.ActiveCfg = Debug|Any CPU
		{C8571687-E5B2-446E-80CA-58FC920B5462}.Debug|Any CPU.Build.0 = Debug|Any CPU
		{C8571687-E5B2-446E-80CA-58FC920B5462}.Release|Any CPU.ActiveCfg = Release|Any CPU
		{C8571687-E5B2-446E-80CA-58FC920B5462}.Release|Any CPU.Build.0 = Release|Any CPU
		{69A3CB8B-886A-4B56-85F9-1A6E46F6F7DA}.Debug|Any CPU.ActiveCfg = Debug|Any CPU
		{69A3CB8B-886A-4B56-85F9-1A6E46F6F7DA}.Debug|Any CPU.Build.0 = Debug|Any CPU
		{69A3CB8B-886A-4B56-85F9-1A6E46F6F7DA}.Release|Any CPU.ActiveCfg = Release|Any CPU
		{69A3CB8B-886A-4B56-85F9-1A6E46F6F7DA}.Release|Any CPU.Build.0 = Release|Any CPU
		{732C5E79-7B7B-472E-81ED-B72DBC9AAF3D}.Debug|Any CPU.ActiveCfg = Debug|Any CPU
		{732C5E79-7B7B-472E-81ED-B72DBC9AAF3D}.Debug|Any CPU.Build.0 = Debug|Any CPU
		{732C5E79-7B7B-472E-81ED-B72DBC9AAF3D}.Release|Any CPU.ActiveCfg = Release|Any CPU
		{732C5E79-7B7B-472E-81ED-B72DBC9AAF3D}.Release|Any CPU.Build.0 = Release|Any CPU
	EndGlobalSection
	GlobalSection(SolutionProperties) = preSolution
		HideSolutionNode = FALSE
	EndGlobalSection
	GlobalSection(NestedProjects) = preSolution
		{5C4D4D4E-3B6C-4B12-BC95-AF41C8FF3EEC} = {B5BFF034-CA54-427C-B7CE-9C0BB65C5A0D}
		{9768DC19-504D-4DF7-947C-F7A5ACE478C0} = {B5BFF034-CA54-427C-B7CE-9C0BB65C5A0D}
		{7377B15E-5C12-48EA-9805-C5965315239D} = {B5BFF034-CA54-427C-B7CE-9C0BB65C5A0D}
		{17BCCF8C-C61A-49F8-B4FC-F31CAFF9E6F9} = {0CB8C063-EE8E-46F7-B20B-A68C529DEF82}
		{C8571687-E5B2-446E-80CA-58FC920B5462} = {9768DC19-504D-4DF7-947C-F7A5ACE478C0}
		{69A3CB8B-886A-4B56-85F9-1A6E46F6F7DA} = {5C4D4D4E-3B6C-4B12-BC95-AF41C8FF3EEC}
		{732C5E79-7B7B-472E-81ED-B72DBC9AAF3D} = {7377B15E-5C12-48EA-9805-C5965315239D}
	EndGlobalSection
	GlobalSection(ExtensibilityGlobals) = postSolution
		SolutionGuid = {C4C1ECE9-A4AD-4FED-B0FC-7EA1636ACABF}
	EndGlobalSection
EndGlobal
